
Microsoft Visual Studio Solution File, Format Version 12.00
# Visual Studio Version 17
VisualStudioVersion = 17.8.34511.84
MinimumVisualStudioVersion = 10.0.40219.1
Project("{FAE04EC0-301F-11D3-BF4B-00C04F79EFBC}") = "WebsiteBanHang", "WebsiteBanHang\WebsiteBanHang.csproj", "{5CF5F147-47B8-4F18-BF47-0408D67294DB}"
EndProject
Global
	GlobalSection(SolutionConfigurationPlatforms) = preSolution
		Debug|Any CPU = Debug|Any CPU
		Release|Any CPU = Release|Any CPU
	EndGlobalSection
	GlobalSection(ProjectConfigurationPlatforms) = postSolution
		{5CF5F147-47B8-4F18-BF47-0408D67294DB}.Debug|Any CPU.ActiveCfg = Debug|Any CPU
		{5CF5F147-47B8-4F18-BF47-0408D67294DB}.Debug|Any CPU.Build.0 = Debug|Any CPU
		{5CF5F147-47B8-4F18-BF47-0408D67294DB}.Release|Any CPU.ActiveCfg = Release|Any CPU
		{5CF5F147-47B8-4F18-BF47-0408D67294DB}.Release|Any CPU.Build.0 = Release|Any CPU
	EndGlobalSection
	GlobalSection(SolutionProperties) = preSolution
		HideSolutionNode = FALSE
	EndGlobalSection
	GlobalSection(ExtensibilityGlobals) = postSolution
		SolutionGuid = {602E0402-8F97-49E3-B5DA-B66BC350180F}
	EndGlobalSection
EndGlobal
